
Microsoft Visual Studio Solution File, Format Version 12.00
# Visual Studio Version 16
VisualStudioVersion = 16.0.31229.75
MinimumVisualStudioVersion = 10.0.40219.1
Project("{FAE04EC0-301F-11D3-BF4B-00C04F79EFBC}") = "PagamentoFuncionario", "PagamentoFuncionario\PagamentoFuncionario.csproj", "{72844317-BFBF-4FF9-AA81-31B174115EA3}"
EndProject
Global
	GlobalSection(SolutionConfigurationPlatforms) = preSolution
		Debug|Any CPU = Debug|Any CPU
		Release|Any CPU = Release|Any CPU
	EndGlobalSection
	GlobalSection(ProjectConfigurationPlatforms) = postSolution
		{72844317-BFBF-4FF9-AA81-31B174115EA3}.Debug|Any CPU.ActiveCfg = Debug|Any CPU
		{72844317-BFBF-4FF9-AA81-31B174115EA3}.Debug|Any CPU.Build.0 = Debug|Any CPU
		{72844317-BFBF-4FF9-AA81-31B174115EA3}.Release|Any CPU.ActiveCfg = Release|Any CPU
		{72844317-BFBF-4FF9-AA81-31B174115EA3}.Release|Any CPU.Build.0 = Release|Any CPU
	EndGlobalSection
	GlobalSection(SolutionProperties) = preSolution
		HideSolutionNode = FALSE
	EndGlobalSection
	GlobalSection(ExtensibilityGlobals) = postSolution
		SolutionGuid = {8185F5C6-80A4-458B-8DF2-32574407CBE2}
	EndGlobalSection
EndGlobal
